
Microsoft Visual Studio Solution File, Format Version 12.00
# Visual Studio 2012
Project("{FAE04EC0-301F-11D3-BF4B-00C04F79EFBC}") = "Onestop Developer", "Onestop Developer\Onestop Developer.csproj", "{0C2B52D5-82FD-4503-A030-D453EC6C1D3F}"
EndProject
Project("{2150E333-8FDC-42A3-9474-1A3956D46DE8}") = "Solution Items", "Solution Items", "{82E917FA-F102-4957-8E87-36EE372D410B}"
	ProjectSection(SolutionItems) = preProject
		atom.xml = atom.xml
		LICENSE = LICENSE
		README.md = README.md
	EndProjectSection
EndProject
Global
	GlobalSection(SolutionConfigurationPlatforms) = preSolution
		Debug|Any CPU = Debug|Any CPU
		Release|Any CPU = Release|Any CPU
	EndGlobalSection
	GlobalSection(ProjectConfigurationPlatforms) = postSolution
		{0C2B52D5-82FD-4503-A030-D453EC6C1D3F}.Debug|Any CPU.ActiveCfg = Debug|Any CPU
		{0C2B52D5-82FD-4503-A030-D453EC6C1D3F}.Debug|Any CPU.Build.0 = Debug|Any CPU
		{0C2B52D5-82FD-4503-A030-D453EC6C1D3F}.Release|Any CPU.ActiveCfg = Release|Any CPU
		{0C2B52D5-82FD-4503-A030-D453EC6C1D3F}.Release|Any CPU.Build.0 = Release|Any CPU
	EndGlobalSection
	GlobalSection(SolutionProperties) = preSolution
		HideSolutionNode = FALSE
	EndGlobalSection
EndGlobal
